
Microsoft Visual Studio Solution File, Format Version 12.00
# Visual Studio Version 16
VisualStudioVersion = 16.0.29409.12
MinimumVisualStudioVersion = 10.0.40219.1
Project("{FAE04EC0-301F-11D3-BF4B-00C04F79EFBC}") = "Main", "Main\Main.csproj", "{45204BCF-BE0D-434E-9AF3-0A1FA5B0F8AE}"
EndProject
Project("{FAE04EC0-301F-11D3-BF4B-00C04F79EFBC}") = "ControlLibrary", "ControlLibrary\ControlLibrary.csproj", "{4CEF6F8C-594E-4DCE-825E-A5809C55FB38}"
EndProject
Project("{FAE04EC0-301F-11D3-BF4B-00C04F79EFBC}") = "DataService", "DataService\DataService.csproj", "{8965E389-6466-4B30-BD43-83C909044637}"
EndProject
Project("{FAE04EC0-301F-11D3-BF4B-00C04F79EFBC}") = "ProtocolConfig", "ProtocolConfig\ProtocolConfig.csproj", "{3453219A-FD58-47DF-97CC-2E02385898F0}"
EndProject
Project("{FAE04EC0-301F-11D3-BF4B-00C04F79EFBC}") = "Log", "Log\Log.csproj", "{89B97011-9EB1-49B1-B482-38C8FE768075}"
EndProject
Project("{FAE04EC0-301F-11D3-BF4B-00C04F79EFBC}") = "DataAssistant", "DataAssistant\DataAssistant.csproj", "{FC8893B4-661E-487D-8820-F691291782E6}"
EndProject
Project("{FAE04EC0-301F-11D3-BF4B-00C04F79EFBC}") = "Driver", "Driver\Driver.csproj", "{F488B0B3-B851-4995-8C17-92F2A049DA44}"
EndProject
Project("{FAE04EC0-301F-11D3-BF4B-00C04F79EFBC}") = "Demo", "Demo\Demo.csproj", "{32001782-0D03-487C-AA34-CC606C67C080}"
EndProject
Project("{FAE04EC0-301F-11D3-BF4B-00C04F79EFBC}") = "HBGKTest", "HBGKTest\HBGKTest.csproj", "{1D86878C-1489-4F63-A973-E0DBD7CF5CC7}"
EndProject
Project("{FAE04EC0-301F-11D3-BF4B-00C04F79EFBC}") = "COM.Common", "COM.Common\COM.Common.csproj", "{141042BF-8A01-45B8-BB00-1AAC4641DE69}"
EndProject
Project("{FAE04EC0-301F-11D3-BF4B-00C04F79EFBC}") = "Com.Model", "Com.Model\Com.Model.csproj", "{08DE74C3-FE63-40B2-98DA-685D8017113A}"
EndProject
Project("{FAE04EC0-301F-11D3-BF4B-00C04F79EFBC}") = "KeyBoard", "KeyBoard\KeyBoard.csproj", "{136F1A97-98C3-41CE-8822-50058BC780EE}"
EndProject
Global
	GlobalSection(SolutionConfigurationPlatforms) = preSolution
		Debug|Any CPU = Debug|Any CPU
		Debug|Itanium = Debug|Itanium
		Debug|Mixed Platforms = Debug|Mixed Platforms
		Debug|x64 = Debug|x64
		Debug|x86 = Debug|x86
		Release|Any CPU = Release|Any CPU
		Release|Itanium = Release|Itanium
		Release|Mixed Platforms = Release|Mixed Platforms
		Release|x64 = Release|x64
		Release|x86 = Release|x86
	EndGlobalSection
	GlobalSection(ProjectConfigurationPlatforms) = postSolution
		{45204BCF-BE0D-434E-9AF3-0A1FA5B0F8AE}.Debug|Any CPU.ActiveCfg = Debug|x86
		{45204BCF-BE0D-434E-9AF3-0A1FA5B0F8AE}.Debug|Any CPU.Build.0 = Debug|x86
		{45204BCF-BE0D-434E-9AF3-0A1FA5B0F8AE}.Debug|Itanium.ActiveCfg = Debug|Any CPU
		{45204BCF-BE0D-434E-9AF3-0A1FA5B0F8AE}.Debug|Itanium.Build.0 = Debug|Any CPU
		{45204BCF-BE0D-434E-9AF3-0A1FA5B0F8AE}.Debug|Mixed Platforms.ActiveCfg = Debug|Any CPU
		{45204BCF-BE0D-434E-9AF3-0A1FA5B0F8AE}.Debug|Mixed Platforms.Build.0 = Debug|Any CPU
		{45204BCF-BE0D-434E-9AF3-0A1FA5B0F8AE}.Debug|x64.ActiveCfg = Debug|Any CPU
		{45204BCF-BE0D-434E-9AF3-0A1FA5B0F8AE}.Debug|x64.Build.0 = Debug|Any CPU
		{45204BCF-BE0D-434E-9AF3-0A1FA5B0F8AE}.Debug|x86.ActiveCfg = Debug|x86
		{45204BCF-BE0D-434E-9AF3-0A1FA5B0F8AE}.Debug|x86.Build.0 = Debug|x86
		{45204BCF-BE0D-434E-9AF3-0A1FA5B0F8AE}.Release|Any CPU.ActiveCfg = Release|x86
		{45204BCF-BE0D-434E-9AF3-0A1FA5B0F8AE}.Release|Any CPU.Build.0 = Release|x86
		{45204BCF-BE0D-434E-9AF3-0A1FA5B0F8AE}.Release|Itanium.ActiveCfg = Release|Any CPU
		{45204BCF-BE0D-434E-9AF3-0A1FA5B0F8AE}.Release|Itanium.Build.0 = Release|Any CPU
		{45204BCF-BE0D-434E-9AF3-0A1FA5B0F8AE}.Release|Mixed Platforms.ActiveCfg = Release|Any CPU
		{45204BCF-BE0D-434E-9AF3-0A1FA5B0F8AE}.Release|Mixed Platforms.Build.0 = Release|Any CPU
		{45204BCF-BE0D-434E-9AF3-0A1FA5B0F8AE}.Release|x64.ActiveCfg = Release|Any CPU
		{45204BCF-BE0D-434E-9AF3-0A1FA5B0F8AE}.Release|x64.Build.0 = Release|Any CPU
		{45204BCF-BE0D-434E-9AF3-0A1FA5B0F8AE}.Release|x86.ActiveCfg = Release|x86
		{45204BCF-BE0D-434E-9AF3-0A1FA5B0F8AE}.Release|x86.Build.0 = Release|x86
		{4CEF6F8C-594E-4DCE-825E-A5809C55FB38}.Debug|Any CPU.ActiveCfg = Debug|x86
		{4CEF6F8C-594E-4DCE-825E-A5809C55FB38}.Debug|Any CPU.Build.0 = Debug|x86
		{4CEF6F8C-594E-4DCE-825E-A5809C55FB38}.Debug|Itanium.ActiveCfg = Debug|Any CPU
		{4CEF6F8C-594E-4DCE-825E-A5809C55FB38}.Debug|Itanium.Build.0 = Debug|Any CPU
		{4CEF6F8C-594E-4DCE-825E-A5809C55FB38}.Debug|Mixed Platforms.ActiveCfg = Debug|Any CPU
		{4CEF6F8C-594E-4DCE-825E-A5809C55FB38}.Debug|Mixed Platforms.Build.0 = Debug|Any CPU
		{4CEF6F8C-594E-4DCE-825E-A5809C55FB38}.Debug|x64.ActiveCfg = Debug|Any CPU
		{4CEF6F8C-594E-4DCE-825E-A5809C55FB38}.Debug|x64.Build.0 = Debug|Any CPU
		{4CEF6F8C-594E-4DCE-825E-A5809C55FB38}.Debug|x86.ActiveCfg = Debug|x86
		{4CEF6F8C-594E-4DCE-825E-A5809C55FB38}.Debug|x86.Build.0 = Debug|x86
		{4CEF6F8C-594E-4DCE-825E-A5809C55FB38}.Release|Any CPU.ActiveCfg = Release|x86
		{4CEF6F8C-594E-4DCE-825E-A5809C55FB38}.Release|Any CPU.Build.0 = Release|x86
		{4CEF6F8C-594E-4DCE-825E-A5809C55FB38}.Release|Itanium.ActiveCfg = Release|Any CPU
		{4CEF6F8C-594E-4DCE-825E-A5809C55FB38}.Release|Itanium.Build.0 = Release|Any CPU
		{4CEF6F8C-594E-4DCE-825E-A5809C55FB38}.Release|Mixed Platforms.ActiveCfg = Release|Any CPU
		{4CEF6F8C-594E-4DCE-825E-A5809C55FB38}.Release|Mixed Platforms.Build.0 = Release|Any CPU
		{4CEF6F8C-594E-4DCE-825E-A5809C55FB38}.Release|x64.ActiveCfg = Release|Any CPU
		{4CEF6F8C-594E-4DCE-825E-A5809C55FB38}.Release|x64.Build.0 = Release|Any CPU
		{4CEF6F8C-594E-4DCE-825E-A5809C55FB38}.Release|x86.ActiveCfg = Release|x86
		{4CEF6F8C-594E-4DCE-825E-A5809C55FB38}.Release|x86.Build.0 = Release|x86
		{8965E389-6466-4B30-BD43-83C909044637}.Debug|Any CPU.ActiveCfg = Debug|x86
		{8965E389-6466-4B30-BD43-83C909044637}.Debug|Any CPU.Build.0 = Debug|x86
		{8965E389-6466-4B30-BD43-83C909044637}.Debug|Itanium.ActiveCfg = Debug|Itanium
		{8965E389-6466-4B30-BD43-83C909044637}.Debug|Itanium.Build.0 = Debug|Itanium
		{8965E389-6466-4B30-BD43-83C909044637}.Debug|Mixed Platforms.ActiveCfg = Debug|Any CPU
		{8965E389-6466-4B30-BD43-83C909044637}.Debug|Mixed Platforms.Build.0 = Debug|Any CPU
		{8965E389-6466-4B30-BD43-83C909044637}.Debug|x64.ActiveCfg = Debug|x64
		{8965E389-6466-4B30-BD43-83C909044637}.Debug|x64.Build.0 = Debug|x64
		{8965E389-6466-4B30-BD43-83C909044637}.Debug|x86.ActiveCfg = Debug|x86
		{8965E389-6466-4B30-BD43-83C909044637}.Debug|x86.Build.0 = Debug|x86
		{8965E389-6466-4B30-BD43-83C909044637}.Release|Any CPU.ActiveCfg = Release|x86
		{8965E389-6466-4B30-BD43-83C909044637}.Release|Any CPU.Build.0 = Release|x86
		{8965E389-6466-4B30-BD43-83C909044637}.Release|Itanium.ActiveCfg = Release|Itanium
		{8965E389-6466-4B30-BD43-83C909044637}.Release|Itanium.Build.0 = Release|Itanium
		{8965E389-6466-4B30-BD43-83C909044637}.Release|Mixed Platforms.ActiveCfg = Release|Itanium
		{8965E389-6466-4B30-BD43-83C909044637}.Release|Mixed Platforms.Build.0 = Release|Itanium
		{8965E389-6466-4B30-BD43-83C909044637}.Release|x64.ActiveCfg = Release|x64
		{8965E389-6466-4B30-BD43-83C909044637}.Release|x64.Build.0 = Release|x64
		{8965E389-6466-4B30-BD43-83C909044637}.Release|x86.ActiveCfg = Release|x86
		{8965E389-6466-4B30-BD43-83C909044637}.Release|x86.Build.0 = Release|x86
		{3453219A-FD58-47DF-97CC-2E02385898F0}.Debug|Any CPU.ActiveCfg = Debug|x86
		{3453219A-FD58-47DF-97CC-2E02385898F0}.Debug|Any CPU.Build.0 = Debug|x86
		{3453219A-FD58-47DF-97CC-2E02385898F0}.Debug|Itanium.ActiveCfg = Debug|Any CPU
		{3453219A-FD58-47DF-97CC-2E02385898F0}.Debug|Itanium.Build.0 = Debug|Any CPU
		{3453219A-FD58-47DF-97CC-2E02385898F0}.Debug|Mixed Platforms.ActiveCfg = Debug|Any CPU
		{3453219A-FD58-47DF-97CC-2E02385898F0}.Debug|Mixed Platforms.Build.0 = Debug|Any CPU
		{3453219A-FD58-47DF-97CC-2E02385898F0}.Debug|x64.ActiveCfg = Debug|Any CPU
		{3453219A-FD58-47DF-97CC-2E02385898F0}.Debug|x64.Build.0 = Debug|Any CPU
		{3453219A-FD58-47DF-97CC-2E02385898F0}.Debug|x86.ActiveCfg = Debug|x86
		{3453219A-FD58-47DF-97CC-2E02385898F0}.Debug|x86.Build.0 = Debug|x86
		{3453219A-FD58-47DF-97CC-2E02385898F0}.Release|Any CPU.ActiveCfg = Release|x86
		{3453219A-FD58-47DF-97CC-2E02385898F0}.Release|Any CPU.Build.0 = Release|x86
		{3453219A-FD58-47DF-97CC-2E02385898F0}.Release|Itanium.ActiveCfg = Release|Any CPU
		{3453219A-FD58-47DF-97CC-2E02385898F0}.Release|Itanium.Build.0 = Release|Any CPU
		{3453219A-FD58-47DF-97CC-2E02385898F0}.Release|Mixed Platforms.ActiveCfg = Release|Any CPU
		{3453219A-FD58-47DF-97CC-2E02385898F0}.Release|Mixed Platforms.Build.0 = Release|Any CPU
		{3453219A-FD58-47DF-97CC-2E02385898F0}.Release|x64.ActiveCfg = Release|Any CPU
		{3453219A-FD58-47DF-97CC-2E02385898F0}.Release|x64.Build.0 = Release|Any CPU
		{3453219A-FD58-47DF-97CC-2E02385898F0}.Release|x86.ActiveCfg = Release|x86
		{3453219A-FD58-47DF-97CC-2E02385898F0}.Release|x86.Build.0 = Release|x86
		{89B97011-9EB1-49B1-B482-38C8FE768075}.Debug|Any CPU.ActiveCfg = Debug|x86
		{89B97011-9EB1-49B1-B482-38C8FE768075}.Debug|Any CPU.Build.0 = Debug|x86
		{89B97011-9EB1-49B1-B482-38C8FE768075}.Debug|Itanium.ActiveCfg = Debug|Any CPU
		{89B97011-9EB1-49B1-B482-38C8FE768075}.Debug|Itanium.Build.0 = Debug|Any CPU
		{89B97011-9EB1-49B1-B482-38C8FE768075}.Debug|Mixed Platforms.ActiveCfg = Debug|Any CPU
		{89B97011-9EB1-49B1-B482-38C8FE768075}.Debug|Mixed Platforms.Build.0 = Debug|Any CPU
		{89B97011-9EB1-49B1-B482-38C8FE768075}.Debug|x64.ActiveCfg = Debug|Any CPU
		{89B97011-9EB1-49B1-B482-38C8FE768075}.Debug|x64.Build.0 = Debug|Any CPU
		{89B97011-9EB1-49B1-B482-38C8FE768075}.Debug|x86.ActiveCfg = Debug|x86
		{89B97011-9EB1-49B1-B482-38C8FE768075}.Debug|x86.Build.0 = Debug|x86
		{89B97011-9EB1-49B1-B482-38C8FE768075}.Release|Any CPU.ActiveCfg = Release|x86
		{89B97011-9EB1-49B1-B482-38C8FE768075}.Release|Any CPU.Build.0 = Release|x86
		{89B97011-9EB1-49B1-B482-38C8FE768075}.Release|Itanium.ActiveCfg = Release|Any CPU
		{89B97011-9EB1-49B1-B482-38C8FE768075}.Release|Itanium.Build.0 = Release|Any CPU
		{89B97011-9EB1-49B1-B482-38C8FE768075}.Release|Mixed Platforms.ActiveCfg = Release|Any CPU
		{89B97011-9EB1-49B1-B482-38C8FE768075}.Release|Mixed Platforms.Build.0 = Release|Any CPU
		{89B97011-9EB1-49B1-B482-38C8FE768075}.Release|x64.ActiveCfg = Release|Any CPU
		{89B97011-9EB1-49B1-B482-38C8FE768075}.Release|x64.Build.0 = Release|Any CPU
		{89B97011-9EB1-49B1-B482-38C8FE768075}.Release|x86.ActiveCfg = Release|x86
		{89B97011-9EB1-49B1-B482-38C8FE768075}.Release|x86.Build.0 = Release|x86
		{FC8893B4-661E-487D-8820-F691291782E6}.Debug|Any CPU.ActiveCfg = Debug|x86
		{FC8893B4-661E-487D-8820-F691291782E6}.Debug|Any CPU.Build.0 = Debug|x86
		{FC8893B4-661E-487D-8820-F691291782E6}.Debug|Itanium.ActiveCfg = Debug|Any CPU
		{FC8893B4-661E-487D-8820-F691291782E6}.Debug|Itanium.Build.0 = Debug|Any CPU
		{FC8893B4-661E-487D-8820-F691291782E6}.Debug|Mixed Platforms.ActiveCfg = Debug|Any CPU
		{FC8893B4-661E-487D-8820-F691291782E6}.Debug|Mixed Platforms.Build.0 = Debug|Any CPU
		{FC8893B4-661E-487D-8820-F691291782E6}.Debug|x64.ActiveCfg = Debug|Any CPU
		{FC8893B4-661E-487D-8820-F691291782E6}.Debug|x64.Build.0 = Debug|Any CPU
		{FC8893B4-661E-487D-8820-F691291782E6}.Debug|x86.ActiveCfg = Debug|x86
		{FC8893B4-661E-487D-8820-F691291782E6}.Debug|x86.Build.0 = Debug|x86
		{FC8893B4-661E-487D-8820-F691291782E6}.Release|Any CPU.ActiveCfg = Release|x86
		{FC8893B4-661E-487D-8820-F691291782E6}.Release|Any CPU.Build.0 = Release|x86
		{FC8893B4-661E-487D-8820-F691291782E6}.Release|Itanium.ActiveCfg = Release|Any CPU
		{FC8893B4-661E-487D-8820-F691291782E6}.Release|Itanium.Build.0 = Release|Any CPU
		{FC8893B4-661E-487D-8820-F691291782E6}.Release|Mixed Platforms.ActiveCfg = Release|Any CPU
		{FC8893B4-661E-487D-8820-F691291782E6}.Release|Mixed Platforms.Build.0 = Release|Any CPU
		{FC8893B4-661E-487D-8820-F691291782E6}.Release|x64.ActiveCfg = Release|Any CPU
		{FC8893B4-661E-487D-8820-F691291782E6}.Release|x64.Build.0 = Release|Any CPU
		{FC8893B4-661E-487D-8820-F691291782E6}.Release|x86.ActiveCfg = Release|x86
		{FC8893B4-661E-487D-8820-F691291782E6}.Release|x86.Build.0 = Release|x86
		{F488B0B3-B851-4995-8C17-92F2A049DA44}.Debug|Any CPU.ActiveCfg = Debug|x86
		{F488B0B3-B851-4995-8C17-92F2A049DA44}.Debug|Any CPU.Build.0 = Debug|x86
		{F488B0B3-B851-4995-8C17-92F2A049DA44}.Debug|Itanium.ActiveCfg = Debug|Any CPU
		{F488B0B3-B851-4995-8C17-92F2A049DA44}.Debug|Itanium.Build.0 = Debug|Any CPU
		{F488B0B3-B851-4995-8C17-92F2A049DA44}.Debug|Mixed Platforms.ActiveCfg = Debug|Any CPU
		{F488B0B3-B851-4995-8C17-92F2A049DA44}.Debug|Mixed Platforms.Build.0 = Debug|Any CPU
		{F488B0B3-B851-4995-8C17-92F2A049DA44}.Debug|x64.ActiveCfg = Debug|Any CPU
		{F488B0B3-B851-4995-8C17-92F2A049DA44}.Debug|x64.Build.0 = Debug|Any CPU
		{F488B0B3-B851-4995-8C17-92F2A049DA44}.Debug|x86.ActiveCfg = Debug|x86
		{F488B0B3-B851-4995-8C17-92F2A049DA44}.Debug|x86.Build.0 = Debug|x86
		{F488B0B3-B851-4995-8C17-92F2A049DA44}.Release|Any CPU.ActiveCfg = Release|x86
		{F488B0B3-B851-4995-8C17-92F2A049DA44}.Release|Any CPU.Build.0 = Release|x86
		{F488B0B3-B851-4995-8C17-92F2A049DA44}.Release|Itanium.ActiveCfg = Release|Any CPU
		{F488B0B3-B851-4995-8C17-92F2A049DA44}.Release|Itanium.Build.0 = Release|Any CPU
		{F488B0B3-B851-4995-8C17-92F2A049DA44}.Release|Mixed Platforms.ActiveCfg = Release|Any CPU
		{F488B0B3-B851-4995-8C17-92F2A049DA44}.Release|Mixed Platforms.Build.0 = Release|Any CPU
		{F488B0B3-B851-4995-8C17-92F2A049DA44}.Release|x64.ActiveCfg = Release|Any CPU
		{F488B0B3-B851-4995-8C17-92F2A049DA44}.Release|x64.Build.0 = Release|Any CPU
		{F488B0B3-B851-4995-8C17-92F2A049DA44}.Release|x86.ActiveCfg = Release|x86
		{F488B0B3-B851-4995-8C17-92F2A049DA44}.Release|x86.Build.0 = Release|x86
		{32001782-0D03-487C-AA34-CC606C67C080}.Debug|Any CPU.ActiveCfg = Debug|x86
		{32001782-0D03-487C-AA34-CC606C67C080}.Debug|Any CPU.Build.0 = Debug|x86
		{32001782-0D03-487C-AA34-CC606C67C080}.Debug|Itanium.ActiveCfg = Debug|Any CPU
		{32001782-0D03-487C-AA34-CC606C67C080}.Debug|Itanium.Build.0 = Debug|Any CPU
		{32001782-0D03-487C-AA34-CC606C67C080}.Debug|Mixed Platforms.ActiveCfg = Debug|Any CPU
		{32001782-0D03-487C-AA34-CC606C67C080}.Debug|Mixed Platforms.Build.0 = Debug|Any CPU
		{32001782-0D03-487C-AA34-CC606C67C080}.Debug|x64.ActiveCfg = Debug|Any CPU
		{32001782-0D03-487C-AA34-CC606C67C080}.Debug|x64.Build.0 = Debug|Any CPU
		{32001782-0D03-487C-AA34-CC606C67C080}.Debug|x86.ActiveCfg = Debug|x86
		{32001782-0D03-487C-AA34-CC606C67C080}.Debug|x86.Build.0 = Debug|x86
		{32001782-0D03-487C-AA34-CC606C67C080}.Release|Any CPU.ActiveCfg = Release|x86
		{32001782-0D03-487C-AA34-CC606C67C080}.Release|Any CPU.Build.0 = Release|x86
		{32001782-0D03-487C-AA34-CC606C67C080}.Release|Itanium.ActiveCfg = Release|Any CPU
		{32001782-0D03-487C-AA34-CC606C67C080}.Release|Itanium.Build.0 = Release|Any CPU
		{32001782-0D03-487C-AA34-CC606C67C080}.Release|Mixed Platforms.ActiveCfg = Release|Any CPU
		{32001782-0D03-487C-AA34-CC606C67C080}.Release|Mixed Platforms.Build.0 = Release|Any CPU
		{32001782-0D03-487C-AA34-CC606C67C080}.Release|x64.ActiveCfg = Release|Any CPU
		{32001782-0D03-487C-AA34-CC606C67C080}.Release|x64.Build.0 = Release|Any CPU
		{32001782-0D03-487C-AA34-CC606C67C080}.Release|x86.ActiveCfg = Release|x86
		{32001782-0D03-487C-AA34-CC606C67C080}.Release|x86.Build.0 = Release|x86
		{1D86878C-1489-4F63-A973-E0DBD7CF5CC7}.Debug|Any CPU.ActiveCfg = Debug|x86
		{1D86878C-1489-4F63-A973-E0DBD7CF5CC7}.Debug|Any CPU.Build.0 = Debug|x86
		{1D86878C-1489-4F63-A973-E0DBD7CF5CC7}.Debug|Itanium.ActiveCfg = Debug|Any CPU
		{1D86878C-1489-4F63-A973-E0DBD7CF5CC7}.Debug|Itanium.Build.0 = Debug|Any CPU
		{1D86878C-1489-4F63-A973-E0DBD7CF5CC7}.Debug|Mixed Platforms.ActiveCfg = Debug|Any CPU
		{1D86878C-1489-4F63-A973-E0DBD7CF5CC7}.Debug|Mixed Platforms.Build.0 = Debug|Any CPU
		{1D86878C-1489-4F63-A973-E0DBD7CF5CC7}.Debug|x64.ActiveCfg = Debug|Any CPU
		{1D86878C-1489-4F63-A973-E0DBD7CF5CC7}.Debug|x64.Build.0 = Debug|Any CPU
		{1D86878C-1489-4F63-A973-E0DBD7CF5CC7}.Debug|x86.ActiveCfg = Debug|x86
		{1D86878C-1489-4F63-A973-E0DBD7CF5CC7}.Debug|x86.Build.0 = Debug|x86
		{1D86878C-1489-4F63-A973-E0DBD7CF5CC7}.Release|Any CPU.ActiveCfg = Release|x86
		{1D86878C-1489-4F63-A973-E0DBD7CF5CC7}.Release|Any CPU.Build.0 = Release|x86
		{1D86878C-1489-4F63-A973-E0DBD7CF5CC7}.Release|Itanium.ActiveCfg = Release|Any CPU
		{1D86878C-1489-4F63-A973-E0DBD7CF5CC7}.Release|Itanium.Build.0 = Release|Any CPU
		{1D86878C-1489-4F63-A973-E0DBD7CF5CC7}.Release|Mixed Platforms.ActiveCfg = Release|Any CPU
		{1D86878C-1489-4F63-A973-E0DBD7CF5CC7}.Release|Mixed Platforms.Build.0 = Release|Any CPU
		{1D86878C-1489-4F63-A973-E0DBD7CF5CC7}.Release|x64.ActiveCfg = Release|Any CPU
		{1D86878C-1489-4F63-A973-E0DBD7CF5CC7}.Release|x64.Build.0 = Release|Any CPU
		{1D86878C-1489-4F63-A973-E0DBD7CF5CC7}.Release|x86.ActiveCfg = Release|x86
		{1D86878C-1489-4F63-A973-E0DBD7CF5CC7}.Release|x86.Build.0 = Release|x86
		{141042BF-8A01-45B8-BB00-1AAC4641DE69}.Debug|Any CPU.ActiveCfg = Debug|Any CPU
		{141042BF-8A01-45B8-BB00-1AAC4641DE69}.Debug|Any CPU.Build.0 = Debug|Any CPU
		{141042BF-8A01-45B8-BB00-1AAC4641DE69}.Debug|Itanium.ActiveCfg = Debug|Any CPU
		{141042BF-8A01-45B8-BB00-1AAC4641DE69}.Debug|Itanium.Build.0 = Debug|Any CPU
		{141042BF-8A01-45B8-BB00-1AAC4641DE69}.Debug|Mixed Platforms.ActiveCfg = Debug|Any CPU
		{141042BF-8A01-45B8-BB00-1AAC4641DE69}.Debug|Mixed Platforms.Build.0 = Debug|Any CPU
		{141042BF-8A01-45B8-BB00-1AAC4641DE69}.Debug|x64.ActiveCfg = Debug|Any CPU
		{141042BF-8A01-45B8-BB00-1AAC4641DE69}.Debug|x64.Build.0 = Debug|Any CPU
		{141042BF-8A01-45B8-BB00-1AAC4641DE69}.Debug|x86.ActiveCfg = Debug|Any CPU
		{141042BF-8A01-45B8-BB00-1AAC4641DE69}.Debug|x86.Build.0 = Debug|Any CPU
		{141042BF-8A01-45B8-BB00-1AAC4641DE69}.Release|Any CPU.ActiveCfg = Release|Any CPU
		{141042BF-8A01-45B8-BB00-1AAC4641DE69}.Release|Any CPU.Build.0 = Release|Any CPU
		{141042BF-8A01-45B8-BB00-1AAC4641DE69}.Release|Itanium.ActiveCfg = Release|Any CPU
		{141042BF-8A01-45B8-BB00-1AAC4641DE69}.Release|Itanium.Build.0 = Release|Any CPU
		{141042BF-8A01-45B8-BB00-1AAC4641DE69}.Release|Mixed Platforms.ActiveCfg = Release|Any CPU
		{141042BF-8A01-45B8-BB00-1AAC4641DE69}.Release|Mixed Platforms.Build.0 = Release|Any CPU
		{141042BF-8A01-45B8-BB00-1AAC4641DE69}.Release|x64.ActiveCfg = Release|Any CPU
		{141042BF-8A01-45B8-BB00-1AAC4641DE69}.Release|x64.Build.0 = Release|Any CPU
		{141042BF-8A01-45B8-BB00-1AAC4641DE69}.Release|x86.ActiveCfg = Release|Any CPU
		{141042BF-8A01-45B8-BB00-1AAC4641DE69}.Release|x86.Build.0 = Release|Any CPU
		{08DE74C3-FE63-40B2-98DA-685D8017113A}.Debug|Any CPU.ActiveCfg = Debug|Any CPU
		{08DE74C3-FE63-40B2-98DA-685D8017113A}.Debug|Any CPU.Build.0 = Debug|Any CPU
		{08DE74C3-FE63-40B2-98DA-685D8017113A}.Debug|Itanium.ActiveCfg = Debug|Any CPU
		{08DE74C3-FE63-40B2-98DA-685D8017113A}.Debug|Itanium.Build.0 = Debug|Any CPU
		{08DE74C3-FE63-40B2-98DA-685D8017113A}.Debug|Mixed Platforms.ActiveCfg = Debug|Any CPU
		{08DE74C3-FE63-40B2-98DA-685D8017113A}.Debug|Mixed Platforms.Build.0 = Debug|Any CPU
		{08DE74C3-FE63-40B2-98DA-685D8017113A}.Debug|x64.ActiveCfg = Debug|Any CPU
		{08DE74C3-FE63-40B2-98DA-685D8017113A}.Debug|x64.Build.0 = Debug|Any CPU
		{08DE74C3-FE63-40B2-98DA-685D8017113A}.Debug|x86.ActiveCfg = Debug|Any CPU
		{08DE74C3-FE63-40B2-98DA-685D8017113A}.Debug|x86.Build.0 = Debug|Any CPU
		{08DE74C3-FE63-40B2-98DA-685D8017113A}.Release|Any CPU.ActiveCfg = Release|Any CPU
		{08DE74C3-FE63-40B2-98DA-685D8017113A}.Release|Any CPU.Build.0 = Release|Any CPU
		{08DE74C3-FE63-40B2-98DA-685D8017113A}.Release|Itanium.ActiveCfg = Release|Any CPU
		{08DE74C3-FE63-40B2-98DA-685D8017113A}.Release|Itanium.Build.0 = Release|Any CPU
		{08DE74C3-FE63-40B2-98DA-685D8017113A}.Release|Mixed Platforms.ActiveCfg = Release|Any CPU
		{08DE74C3-FE63-40B2-98DA-685D8017113A}.Release|Mixed Platforms.Build.0 = Release|Any CPU
		{08DE74C3-FE63-40B2-98DA-685D8017113A}.Release|x64.ActiveCfg = Release|Any CPU
		{08DE74C3-FE63-40B2-98DA-685D8017113A}.Release|x64.Build.0 = Release|Any CPU
		{08DE74C3-FE63-40B2-98DA-685D8017113A}.Release|x86.ActiveCfg = Release|Any CPU
		{08DE74C3-FE63-40B2-98DA-685D8017113A}.Release|x86.Build.0 = Release|Any CPU
		{136F1A97-98C3-41CE-8822-50058BC780EE}.Debug|Any CPU.ActiveCfg = Debug|Any CPU
		{136F1A97-98C3-41CE-8822-50058BC780EE}.Debug|Any CPU.Build.0 = Debug|Any CPU
		{136F1A97-98C3-41CE-8822-50058BC780EE}.Debug|Itanium.ActiveCfg = Debug|Any CPU
		{136F1A97-98C3-41CE-8822-50058BC780EE}.Debug|Itanium.Build.0 = Debug|Any CPU
		{136F1A97-98C3-41CE-8822-50058BC780EE}.Debug|Mixed Platforms.ActiveCfg = Debug|Any CPU
		{136F1A97-98C3-41CE-8822-50058BC780EE}.Debug|Mixed Platforms.Build.0 = Debug|Any CPU
		{136F1A97-98C3-41CE-8822-50058BC780EE}.Debug|x64.ActiveCfg = Debug|Any CPU
		{136F1A97-98C3-41CE-8822-50058BC780EE}.Debug|x64.Build.0 = Debug|Any CPU
		{136F1A97-98C3-41CE-8822-50058BC780EE}.Debug|x86.ActiveCfg = Debug|Any CPU
		{136F1A97-98C3-41CE-8822-50058BC780EE}.Debug|x86.Build.0 = Debug|Any CPU
		{136F1A97-98C3-41CE-8822-50058BC780EE}.Release|Any CPU.ActiveCfg = Release|Any CPU
		{136F1A97-98C3-41CE-8822-50058BC780EE}.Release|Any CPU.Build.0 = Release|Any CPU
		{136F1A97-98C3-41CE-8822-50058BC780EE}.Release|Itanium.ActiveCfg = Release|Any CPU
		{136F1A97-98C3-41CE-8822-50058BC780EE}.Release|Itanium.Build.0 = Release|Any CPU
		{136F1A97-98C3-41CE-8822-50058BC780EE}.Release|Mixed Platforms.ActiveCfg = Release|Any CPU
		{136F1A97-98C3-41CE-8822-50058BC780EE}.Release|Mixed Platforms.Build.0 = Release|Any CPU
		{136F1A97-98C3-41CE-8822-50058BC780EE}.Release|x64.ActiveCfg = Release|Any CPU
		{136F1A97-98C3-41CE-8822-50058BC780EE}.Release|x64.Build.0 = Release|Any CPU
		{136F1A97-98C3-41CE-8822-50058BC780EE}.Release|x86.ActiveCfg = Release|Any CPU
		{136F1A97-98C3-41CE-8822-50058BC780EE}.Release|x86.Build.0 = Release|Any CPU
	EndGlobalSection
	GlobalSection(SolutionProperties) = preSolution
		HideSolutionNode = FALSE
	EndGlobalSection
	GlobalSection(ExtensibilityGlobals) = postSolution
		SolutionGuid = {EE7A769B-2C3F-4A6A-96A2-62010DDD67AD}
	EndGlobalSection
EndGlobal
